// !$*UTF8*$!
{
	archiveVersion = 1;
	classes = {
	};
	objectVersion = 46;
	objects = {

/* Begin PBXBuildFile section */
		020B3F251B1FD36C00B0AD6E /* NetworkKeptProductTableViewController.swift in Sources */ = {isa = PBXBuildFile; fileRef = 020B3F241B1FD36C00B0AD6E /* NetworkKeptProductTableViewController.swift */; };
		020B3F271B1FD4B200B0AD6E /* NetworkCell.swift in Sources */ = {isa = PBXBuildFile; fileRef = 020B3F261B1FD4B200B0AD6E /* NetworkCell.swift */; };
		0220BB4F1B225B2900393BBC /* NetworkKept.swift in Sources */ = {isa = PBXBuildFile; fileRef = 0220BB4E1B225B2800393BBC /* NetworkKept.swift */; };
		0235EC321B0D7B34002B8A0C /* Kept.swift in Sources */ = {isa = PBXBuildFile; fileRef = 0235EC311B0D7B34002B8A0C /* Kept.swift */; };
		0253C7C71B38DA550014EB95 /* Address.swift in Sources */ = {isa = PBXBuildFile; fileRef = 0253C7C61B38DA550014EB95 /* Address.swift */; };
		026809821B2924D10006C43B /* ShippingTableViewController.swift in Sources */ = {isa = PBXBuildFile; fileRef = 026809811B2924D10006C43B /* ShippingTableViewController.swift */; };
		026809841B2924ED0006C43B /* ShippingCell.swift in Sources */ = {isa = PBXBuildFile; fileRef = 026809831B2924ED0006C43B /* ShippingCell.swift */; };
		026809861B29AD830006C43B /* ShipAddDetailViewController.swift in Sources */ = {isa = PBXBuildFile; fileRef = 026809851B29AD830006C43B /* ShipAddDetailViewController.swift */; };
		02759C9E1AFC3D7B0065A492 /* LoginViewController.swift in Sources */ = {isa = PBXBuildFile; fileRef = 02759C9D1AFC3D7B0065A492 /* LoginViewController.swift */; };
		027B6CE81B14077D00110516 /* libicucore.dylib in Frameworks */ = {isa = PBXBuildFile; fileRef = 027B6CE71B14077D00110516 /* libicucore.dylib */; };
		027B6CEA1B14079C00110516 /* libc++.dylib in Frameworks */ = {isa = PBXBuildFile; fileRef = 027B6CE91B14079C00110516 /* libc++.dylib */; };
		027B6CEC1B1407ED00110516 /* Message.swift in Sources */ = {isa = PBXBuildFile; fileRef = 027B6CEB1B1407ED00110516 /* Message.swift */; };
		028CF7161AF84D150028DA35 /* SwipeView.swift in Sources */ = {isa = PBXBuildFile; fileRef = 028CF7151AF84D150028DA35 /* SwipeView.swift */; };
		028CF7191AF8508A0028DA35 /* CardsViewController.swift in Sources */ = {isa = PBXBuildFile; fileRef = 028CF7181AF8508A0028DA35 /* CardsViewController.swift */; };
		0295F2081B4C83ED0029F911 /* NetworkTableViewController.swift in Sources */ = {isa = PBXBuildFile; fileRef = 0295F2071B4C83ED0029F911 /* NetworkTableViewController.swift */; };
		0295F20A1B4C84F10029F911 /* ProductCell4.swift in Sources */ = {isa = PBXBuildFile; fileRef = 0295F2091B4C84F10029F911 /* ProductCell4.swift */; };
		0295F20C1B4C8F370029F911 /* BroadcastCell.swift in Sources */ = {isa = PBXBuildFile; fileRef = 0295F20B1B4C8F370029F911 /* BroadcastCell.swift */; };
		0295F20E1B4C91BF0029F911 /* SearchCell.swift in Sources */ = {isa = PBXBuildFile; fileRef = 0295F20D1B4C91BF0029F911 /* SearchCell.swift */; };
		0295F2101B4CBFBB0029F911 /* CheckoutCell.swift in Sources */ = {isa = PBXBuildFile; fileRef = 0295F20F1B4CBFBB0029F911 /* CheckoutCell.swift */; };
		02C9746E1B3F5FA20019A046 /* ProductCell2.swift in Sources */ = {isa = PBXBuildFile; fileRef = 02C9746D1B3F5FA20019A046 /* ProductCell2.swift */; };
		02C974701B45EA8F0019A046 /* ProductDetailViewController.swift in Sources */ = {isa = PBXBuildFile; fileRef = 02C9746F1B45EA8F0019A046 /* ProductDetailViewController.swift */; };
		02C974721B46E1EE0019A046 /* PersonalTableViewController.swift in Sources */ = {isa = PBXBuildFile; fileRef = 02C974711B46E1EE0019A046 /* PersonalTableViewController.swift */; };
		02C974741B46E27F0019A046 /* EditPersonalCell.swift in Sources */ = {isa = PBXBuildFile; fileRef = 02C974731B46E27F0019A046 /* EditPersonalCell.swift */; };
		02C974761B46E8510019A046 /* PeripheralsCell.swift in Sources */ = {isa = PBXBuildFile; fileRef = 02C974751B46E8510019A046 /* PeripheralsCell.swift */; };
		02C974781B46EF6E0019A046 /* ProductCell3.swift in Sources */ = {isa = PBXBuildFile; fileRef = 02C974771B46EF6E0019A046 /* ProductCell3.swift */; };
		02D5C51D1B0FC33E00B172AF /* ChatViewController.swift in Sources */ = {isa = PBXBuildFile; fileRef = 02D5C51C1B0FC33E00B172AF /* ChatViewController.swift */; };
		02D9CA521AF838330087175F /* AppDelegate.swift in Sources */ = {isa = PBXBuildFile; fileRef = 02D9CA511AF838330087175F /* AppDelegate.swift */; };
		02D9CA551AF838330087175F /* Emelem.xcdatamodeld in Sources */ = {isa = PBXBuildFile; fileRef = 02D9CA531AF838330087175F /* Emelem.xcdatamodeld */; };
		02D9CA571AF838330087175F /* ViewController.swift in Sources */ = {isa = PBXBuildFile; fileRef = 02D9CA561AF838330087175F /* ViewController.swift */; };
		02D9CA5A1AF838330087175F /* Main.storyboard in Resources */ = {isa = PBXBuildFile; fileRef = 02D9CA581AF838330087175F /* Main.storyboard */; };
		02D9CA5C1AF838330087175F /* Images.xcassets in Resources */ = {isa = PBXBuildFile; fileRef = 02D9CA5B1AF838330087175F /* Images.xcassets */; };
		02D9CA5F1AF838330087175F /* LaunchScreen.xib in Resources */ = {isa = PBXBuildFile; fileRef = 02D9CA5D1AF838330087175F /* LaunchScreen.xib */; };
		02D9CA6B1AF838330087175F /* EmelemTests.swift in Sources */ = {isa = PBXBuildFile; fileRef = 02D9CA6A1AF838330087175F /* EmelemTests.swift */; };
		02D9CA761AF839AD0087175F /* CardView.swift in Sources */ = {isa = PBXBuildFile; fileRef = 02D9CA751AF839AD0087175F /* CardView.swift */; };
		02E734651AFC248B001B5474 /* ParseFacebookUtils.framework in Frameworks */ = {isa = PBXBuildFile; fileRef = 02E734631AFC248B001B5474 /* ParseFacebookUtils.framework */; };
		02E734661AFC248B001B5474 /* Parse.framework in Frameworks */ = {isa = PBXBuildFile; fileRef = 02E734641AFC248B001B5474 /* Parse.framework */; };
		02E734681AFC24E8001B5474 /* AudioToolbox.framework in Frameworks */ = {isa = PBXBuildFile; fileRef = 02E734671AFC24E8001B5474 /* AudioToolbox.framework */; };
		02E7346A1AFC2513001B5474 /* CFNetwork.framework in Frameworks */ = {isa = PBXBuildFile; fileRef = 02E734691AFC2513001B5474 /* CFNetwork.framework */; };
		02E7346C1AFC251A001B5474 /* CoreGraphics.framework in Frameworks */ = {isa = PBXBuildFile; fileRef = 02E7346B1AFC251A001B5474 /* CoreGraphics.framework */; };
		02E7346E1AFC2522001B5474 /* CoreLocation.framework in Frameworks */ = {isa = PBXBuildFile; fileRef = 02E7346D1AFC2522001B5474 /* CoreLocation.framework */; };
		02E734701AFC252A001B5474 /* MobileCoreServices.framework in Frameworks */ = {isa = PBXBuildFile; fileRef = 02E7346F1AFC252A001B5474 /* MobileCoreServices.framework */; };
		02E734721AFC2532001B5474 /* QuartzCore.framework in Frameworks */ = {isa = PBXBuildFile; fileRef = 02E734711AFC2532001B5474 /* QuartzCore.framework */; };
		02E734741AFC2538001B5474 /* Security.framework in Frameworks */ = {isa = PBXBuildFile; fileRef = 02E734731AFC2538001B5474 /* Security.framework */; };
		02E734761AFC2540001B5474 /* StoreKit.framework in Frameworks */ = {isa = PBXBuildFile; fileRef = 02E734751AFC2540001B5474 /* StoreKit.framework */; };
		02E734781AFC2547001B5474 /* SystemConfiguration.framework in Frameworks */ = {isa = PBXBuildFile; fileRef = 02E734771AFC2547001B5474 /* SystemConfiguration.framework */; };
		02E7347A1AFC2554001B5474 /* libz.dylib in Frameworks */ = {isa = PBXBuildFile; fileRef = 02E734791AFC2554001B5474 /* libz.dylib */; };
		02E7347C1AFC2567001B5474 /* libsqlite3.dylib in Frameworks */ = {isa = PBXBuildFile; fileRef = 02E7347B1AFC2567001B5474 /* libsqlite3.dylib */; };
		02F818811AFD7814008C06EA /* User.swift in Sources */ = {isa = PBXBuildFile; fileRef = 02F818801AFD7814008C06EA /* User.swift */; };
		02F818831AFD81D9008C06EA /* ProfileViewController.swift in Sources */ = {isa = PBXBuildFile; fileRef = 02F818821AFD81D9008C06EA /* ProfileViewController.swift */; };
		02F818851B054941008C06EA /* Product.swift in Sources */ = {isa = PBXBuildFile; fileRef = 02F818841B054941008C06EA /* Product.swift */; };
		02F818871B0A9D68008C06EA /* MapViewController.swift in Sources */ = {isa = PBXBuildFile; fileRef = 02F818861B0A9D68008C06EA /* MapViewController.swift */; };
		02F818891B0A9E99008C06EA /* MapKit.framework in Frameworks */ = {isa = PBXBuildFile; fileRef = 02F818881B0A9E99008C06EA /* MapKit.framework */; };
		02F8188B1B0AAACE008C06EA /* Location.swift in Sources */ = {isa = PBXBuildFile; fileRef = 02F8188A1B0AAACE008C06EA /* Location.swift */; };
		02F8188D1B0ACFB1008C06EA /* KeptListTableViewController.swift in Sources */ = {isa = PBXBuildFile; fileRef = 02F8188C1B0ACFB1008C06EA /* KeptListTableViewController.swift */; };
		02F8188F1B0ADB4F008C06EA /* ProductCell.swift in Sources */ = {isa = PBXBuildFile; fileRef = 02F8188E1B0ADB4F008C06EA /* ProductCell.swift */; };
		F4C086ABEE0855B434B66D6C /* libPods.a in Frameworks */ = {isa = PBXBuildFile; fileRef = 6A7E9C89E28EAEAD11D3402C /* libPods.a */; };
/* End PBXBuildFile section */

/* Begin PBXContainerItemProxy section */
		02D9CA651AF838330087175F /* PBXContainerItemProxy */ = {
			isa = PBXContainerItemProxy;
			containerPortal = 02D9CA441AF838330087175F /* Project object */;
			proxyType = 1;
			remoteGlobalIDString = 02D9CA4B1AF838330087175F;
			remoteInfo = Emelem;
		};
/* End PBXContainerItemProxy section */

/* Begin PBXFileReference section */
		020B3F241B1FD36C00B0AD6E /* NetworkKeptProductTableViewController.swift */ = {isa = PBXFileReference; fileEncoding = 4; lastKnownFileType = sourcecode.swift; path = NetworkKeptProductTableViewController.swift; sourceTree = "<group>"; };
		020B3F261B1FD4B200B0AD6E /* NetworkCell.swift */ = {isa = PBXFileReference; fileEncoding = 4; lastKnownFileType = sourcecode.swift; path = NetworkCell.swift; sourceTree = "<group>"; };
		0220BB4E1B225B2800393BBC /* NetworkKept.swift */ = {isa = PBXFileReference; fileEncoding = 4; lastKnownFileType = sourcecode.swift; path = NetworkKept.swift; sourceTree = "<group>"; };
		0235EC311B0D7B34002B8A0C /* Kept.swift */ = {isa = PBXFileReference; fileEncoding = 4; lastKnownFileType = sourcecode.swift; path = Kept.swift; sourceTree = "<group>"; };
		0253C7C61B38DA550014EB95 /* Address.swift */ = {isa = PBXFileReference; fileEncoding = 4; lastKnownFileType = sourcecode.swift; path = Address.swift; sourceTree = "<group>"; };
		026809811B2924D10006C43B /* ShippingTableViewController.swift */ = {isa = PBXFileReference; fileEncoding = 4; lastKnownFileType = sourcecode.swift; path = ShippingTableViewController.swift; sourceTree = "<group>"; };
		026809831B2924ED0006C43B /* ShippingCell.swift */ = {isa = PBXFileReference; fileEncoding = 4; lastKnownFileType = sourcecode.swift; path = ShippingCell.swift; sourceTree = "<group>"; };
		026809851B29AD830006C43B /* ShipAddDetailViewController.swift */ = {isa = PBXFileReference; fileEncoding = 4; lastKnownFileType = sourcecode.swift; path = ShipAddDetailViewController.swift; sourceTree = "<group>"; };
		02759C9D1AFC3D7B0065A492 /* LoginViewController.swift */ = {isa = PBXFileReference; fileEncoding = 4; lastKnownFileType = sourcecode.swift; path = LoginViewController.swift; sourceTree = "<group>"; };
		027B6CE71B14077D00110516 /* libicucore.dylib */ = {isa = PBXFileReference; lastKnownFileType = "compiled.mach-o.dylib"; name = libicucore.dylib; path = usr/lib/libicucore.dylib; sourceTree = SDKROOT; };
		027B6CE91B14079C00110516 /* libc++.dylib */ = {isa = PBXFileReference; lastKnownFileType = "compiled.mach-o.dylib"; name = "libc++.dylib"; path = "usr/lib/libc++.dylib"; sourceTree = SDKROOT; };
		027B6CEB1B1407ED00110516 /* Message.swift */ = {isa = PBXFileReference; fileEncoding = 4; lastKnownFileType = sourcecode.swift; path = Message.swift; sourceTree = "<group>"; };
		028CF7151AF84D150028DA35 /* SwipeView.swift */ = {isa = PBXFileReference; fileEncoding = 4; lastKnownFileType = sourcecode.swift; path = SwipeView.swift; sourceTree = "<group>"; };
		028CF7181AF8508A0028DA35 /* CardsViewController.swift */ = {isa = PBXFileReference; fileEncoding = 4; lastKnownFileType = sourcecode.swift; path = CardsViewController.swift; sourceTree = "<group>"; };
		0295F2071B4C83ED0029F911 /* NetworkTableViewController.swift */ = {isa = PBXFileReference; fileEncoding = 4; lastKnownFileType = sourcecode.swift; path = NetworkTableViewController.swift; sourceTree = "<group>"; };
		0295F2091B4C84F10029F911 /* ProductCell4.swift */ = {isa = PBXFileReference; fileEncoding = 4; lastKnownFileType = sourcecode.swift; path = ProductCell4.swift; sourceTree = "<group>"; };
		0295F20B1B4C8F370029F911 /* BroadcastCell.swift */ = {isa = PBXFileReference; fileEncoding = 4; lastKnownFileType = sourcecode.swift; path = BroadcastCell.swift; sourceTree = "<group>"; };
		0295F20D1B4C91BF0029F911 /* SearchCell.swift */ = {isa = PBXFileReference; fileEncoding = 4; lastKnownFileType = sourcecode.swift; path = SearchCell.swift; sourceTree = "<group>"; };
		0295F20F1B4CBFBB0029F911 /* CheckoutCell.swift */ = {isa = PBXFileReference; fileEncoding = 4; lastKnownFileType = sourcecode.swift; path = CheckoutCell.swift; sourceTree = "<group>"; };
		02C9746D1B3F5FA20019A046 /* ProductCell2.swift */ = {isa = PBXFileReference; fileEncoding = 4; lastKnownFileType = sourcecode.swift; path = ProductCell2.swift; sourceTree = "<group>"; };
		02C9746F1B45EA8F0019A046 /* ProductDetailViewController.swift */ = {isa = PBXFileReference; fileEncoding = 4; lastKnownFileType = sourcecode.swift; path = ProductDetailViewController.swift; sourceTree = "<group>"; };
		02C974711B46E1EE0019A046 /* PersonalTableViewController.swift */ = {isa = PBXFileReference; fileEncoding = 4; lastKnownFileType = sourcecode.swift; path = PersonalTableViewController.swift; sourceTree = "<group>"; };
		02C974731B46E27F0019A046 /* EditPersonalCell.swift */ = {isa = PBXFileReference; fileEncoding = 4; lastKnownFileType = sourcecode.swift; path = EditPersonalCell.swift; sourceTree = "<group>"; };
		02C974751B46E8510019A046 /* PeripheralsCell.swift */ = {isa = PBXFileReference; fileEncoding = 4; lastKnownFileType = sourcecode.swift; path = PeripheralsCell.swift; sourceTree = "<group>"; };
		02C974771B46EF6E0019A046 /* ProductCell3.swift */ = {isa = PBXFileReference; fileEncoding = 4; lastKnownFileType = sourcecode.swift; path = ProductCell3.swift; sourceTree = "<group>"; };
		02D5C51C1B0FC33E00B172AF /* ChatViewController.swift */ = {isa = PBXFileReference; fileEncoding = 4; lastKnownFileType = sourcecode.swift; path = ChatViewController.swift; sourceTree = "<group>"; };
		02D9CA4C1AF838330087175F /* Emelem.app */ = {isa = PBXFileReference; explicitFileType = wrapper.application; includeInIndex = 0; path = Emelem.app; sourceTree = BUILT_PRODUCTS_DIR; };
		02D9CA501AF838330087175F /* Info.plist */ = {isa = PBXFileReference; lastKnownFileType = text.plist.xml; path = Info.plist; sourceTree = "<group>"; };
		02D9CA511AF838330087175F /* AppDelegate.swift */ = {isa = PBXFileReference; lastKnownFileType = sourcecode.swift; path = AppDelegate.swift; sourceTree = "<group>"; };
		02D9CA541AF838330087175F /* Emelem.xcdatamodel */ = {isa = PBXFileReference; lastKnownFileType = wrapper.xcdatamodel; path = Emelem.xcdatamodel; sourceTree = "<group>"; };
		02D9CA561AF838330087175F /* ViewController.swift */ = {isa = PBXFileReference; lastKnownFileType = sourcecode.swift; path = ViewController.swift; sourceTree = "<group>"; };
		02D9CA591AF838330087175F /* Base */ = {isa = PBXFileReference; lastKnownFileType = file.storyboard; name = Base; path = Base.lproj/Main.storyboard; sourceTree = "<group>"; };
		02D9CA5B1AF838330087175F /* Images.xcassets */ = {isa = PBXFileReference; lastKnownFileType = folder.assetcatalog; path = Images.xcassets; sourceTree = "<group>"; };
		02D9CA5E1AF838330087175F /* Base */ = {isa = PBXFileReference; lastKnownFileType = file.xib; name = Base; path = Base.lproj/LaunchScreen.xib; sourceTree = "<group>"; };
		02D9CA641AF838330087175F /* EmelemTests.xctest */ = {isa = PBXFileReference; explicitFileType = wrapper.cfbundle; includeInIndex = 0; path = EmelemTests.xctest; sourceTree = BUILT_PRODUCTS_DIR; };
		02D9CA691AF838330087175F /* Info.plist */ = {isa = PBXFileReference; lastKnownFileType = text.plist.xml; path = Info.plist; sourceTree = "<group>"; };
		02D9CA6A1AF838330087175F /* EmelemTests.swift */ = {isa = PBXFileReference; lastKnownFileType = sourcecode.swift; path = EmelemTests.swift; sourceTree = "<group>"; };
		02D9CA751AF839AD0087175F /* CardView.swift */ = {isa = PBXFileReference; fileEncoding = 4; lastKnownFileType = sourcecode.swift; path = CardView.swift; sourceTree = "<group>"; };
		02E734631AFC248B001B5474 /* ParseFacebookUtils.framework */ = {isa = PBXFileReference; lastKnownFileType = wrapper.framework; path = ParseFacebookUtils.framework; sourceTree = "<group>"; };
		02E734641AFC248B001B5474 /* Parse.framework */ = {isa = PBXFileReference; lastKnownFileType = wrapper.framework; path = Parse.framework; sourceTree = "<group>"; };
		02E734671AFC24E8001B5474 /* AudioToolbox.framework */ = {isa = PBXFileReference; lastKnownFileType = wrapper.framework; name = AudioToolbox.framework; path = System/Library/Frameworks/AudioToolbox.framework; sourceTree = SDKROOT; };
		02E734691AFC2513001B5474 /* CFNetwork.framework */ = {isa = PBXFileReference; lastKnownFileType = wrapper.framework; name = CFNetwork.framework; path = System/Library/Frameworks/CFNetwork.framework; sourceTree = SDKROOT; };
		02E7346B1AFC251A001B5474 /* CoreGraphics.framework */ = {isa = PBXFileReference; lastKnownFileType = wrapper.framework; name = CoreGraphics.framework; path = System/Library/Frameworks/CoreGraphics.framework; sourceTree = SDKROOT; };
		02E7346D1AFC2522001B5474 /* CoreLocation.framework */ = {isa = PBXFileReference; lastKnownFileType = wrapper.framework; name = CoreLocation.framework; path = System/Library/Frameworks/CoreLocation.framework; sourceTree = SDKROOT; };
		02E7346F1AFC252A001B5474 /* MobileCoreServices.framework */ = {isa = PBXFileReference; lastKnownFileType = wrapper.framework; name = MobileCoreServices.framework; path = System/Library/Frameworks/MobileCoreServices.framework; sourceTree = SDKROOT; };
		02E734711AFC2532001B5474 /* QuartzCore.framework */ = {isa = PBXFileReference; lastKnownFileType = wrapper.framework; name = QuartzCore.framework; path = System/Library/Frameworks/QuartzCore.framework; sourceTree = SDKROOT; };
		02E734731AFC2538001B5474 /* Security.framework */ = {isa = PBXFileReference; lastKnownFileType = wrapper.framework; name = Security.framework; path = System/Library/Frameworks/Security.framework; sourceTree = SDKROOT; };
		02E734751AFC2540001B5474 /* StoreKit.framework */ = {isa = PBXFileReference; lastKnownFileType = wrapper.framework; name = StoreKit.framework; path = System/Library/Frameworks/StoreKit.framework; sourceTree = SDKROOT; };
		02E734771AFC2547001B5474 /* SystemConfiguration.framework */ = {isa = PBXFileReference; lastKnownFileType = wrapper.framework; name = SystemConfiguration.framework; path = System/Library/Frameworks/SystemConfiguration.framework; sourceTree = SDKROOT; };
		02E734791AFC2554001B5474 /* libz.dylib */ = {isa = PBXFileReference; lastKnownFileType = "compiled.mach-o.dylib"; name = libz.dylib; path = usr/lib/libz.dylib; sourceTree = SDKROOT; };
		02E7347B1AFC2567001B5474 /* libsqlite3.dylib */ = {isa = PBXFileReference; lastKnownFileType = "compiled.mach-o.dylib"; name = libsqlite3.dylib; path = usr/lib/libsqlite3.dylib; sourceTree = SDKROOT; };
		02E7347D1AFC25DB001B5474 /* Bridging-Header.h */ = {isa = PBXFileReference; lastKnownFileType = sourcecode.c.h; path = "Bridging-Header.h"; sourceTree = "<group>"; };
		02F818801AFD7814008C06EA /* User.swift */ = {isa = PBXFileReference; fileEncoding = 4; lastKnownFileType = sourcecode.swift; path = User.swift; sourceTree = "<group>"; };
		02F818821AFD81D9008C06EA /* ProfileViewController.swift */ = {isa = PBXFileReference; fileEncoding = 4; lastKnownFileType = sourcecode.swift; path = ProfileViewController.swift; sourceTree = "<group>"; };
		02F818841B054941008C06EA /* Product.swift */ = {isa = PBXFileReference; fileEncoding = 4; lastKnownFileType = sourcecode.swift; path = Product.swift; sourceTree = "<group>"; };
		02F818861B0A9D68008C06EA /* MapViewController.swift */ = {isa = PBXFileReference; fileEncoding = 4; lastKnownFileType = sourcecode.swift; path = MapViewController.swift; sourceTree = "<group>"; };
		02F818881B0A9E99008C06EA /* MapKit.framework */ = {isa = PBXFileReference; lastKnownFileType = wrapper.framework; name = MapKit.framework; path = System/Library/Frameworks/MapKit.framework; sourceTree = SDKROOT; };
		02F8188A1B0AAACE008C06EA /* Location.swift */ = {isa = PBXFileReference; fileEncoding = 4; lastKnownFileType = sourcecode.swift; path = Location.swift; sourceTree = "<group>"; };
		02F8188C1B0ACFB1008C06EA /* KeptListTableViewController.swift */ = {isa = PBXFileReference; fileEncoding = 4; lastKnownFileType = sourcecode.swift; path = KeptListTableViewController.swift; sourceTree = "<group>"; };
		02F8188E1B0ADB4F008C06EA /* ProductCell.swift */ = {isa = PBXFileReference; fileEncoding = 4; lastKnownFileType = sourcecode.swift; path = ProductCell.swift; sourceTree = "<group>"; };
		6A7E9C89E28EAEAD11D3402C /* libPods.a */ = {isa = PBXFileReference; explicitFileType = archive.ar; includeInIndex = 0; path = libPods.a; sourceTree = BUILT_PRODUCTS_DIR; };
		87D76C3E7B0BC99C40824AE7 /* Pods.debug.xcconfig */ = {isa = PBXFileReference; includeInIndex = 1; lastKnownFileType = text.xcconfig; name = Pods.debug.xcconfig; path = "Pods/Target Support Files/Pods/Pods.debug.xcconfig"; sourceTree = "<group>"; };
		E1E5DD5FEA60386906579034 /* Pods.release.xcconfig */ = {isa = PBXFileReference; includeInIndex = 1; lastKnownFileType = text.xcconfig; name = Pods.release.xcconfig; path = "Pods/Target Support Files/Pods/Pods.release.xcconfig"; sourceTree = "<group>"; };
/* End PBXFileReference section */

/* Begin PBXFrameworksBuildPhase section */
		02D9CA491AF838330087175F /* Frameworks */ = {
			isa = PBXFrameworksBuildPhase;
			buildActionMask = 2147483647;
			files = (
				027B6CEA1B14079C00110516 /* libc++.dylib in Frameworks */,
				027B6CE81B14077D00110516 /* libicucore.dylib in Frameworks */,
				02F818891B0A9E99008C06EA /* MapKit.framework in Frameworks */,
				02E7347C1AFC2567001B5474 /* libsqlite3.dylib in Frameworks */,
				02E7347A1AFC2554001B5474 /* libz.dylib in Frameworks */,
				02E734781AFC2547001B5474 /* SystemConfiguration.framework in Frameworks */,
				02E734761AFC2540001B5474 /* StoreKit.framework in Frameworks */,
				02E734741AFC2538001B5474 /* Security.framework in Frameworks */,
				02E734721AFC2532001B5474 /* QuartzCore.framework in Frameworks */,
				02E734701AFC252A001B5474 /* MobileCoreServices.framework in Frameworks */,
				02E7346E1AFC2522001B5474 /* CoreLocation.framework in Frameworks */,
				02E7346C1AFC251A001B5474 /* CoreGraphics.framework in Frameworks */,
				02E7346A1AFC2513001B5474 /* CFNetwork.framework in Frameworks */,
				02E734681AFC24E8001B5474 /* AudioToolbox.framework in Frameworks */,
				02E734661AFC248B001B5474 /* Parse.framework in Frameworks */,
				02E734651AFC248B001B5474 /* ParseFacebookUtils.framework in Frameworks */,
				F4C086ABEE0855B434B66D6C /* libPods.a in Frameworks */,
			);
			runOnlyForDeploymentPostprocessing = 0;
		};
		02D9CA611AF838330087175F /* Frameworks */ = {
			isa = PBXFrameworksBuildPhase;
			buildActionMask = 2147483647;
			files = (
			);
			runOnlyForDeploymentPostprocessing = 0;
		};
/* End PBXFrameworksBuildPhase section */

/* Begin PBXGroup section */
		028CF7171AF84FE40028DA35 /* ViewControllers */ = {
			isa = PBXGroup;
			children = (
				02D9CA561AF838330087175F /* ViewController.swift */,
				02759C9D1AFC3D7B0065A492 /* LoginViewController.swift */,
				028CF7181AF8508A0028DA35 /* CardsViewController.swift */,
				02F818821AFD81D9008C06EA /* ProfileViewController.swift */,
				026809811B2924D10006C43B /* ShippingTableViewController.swift */,
				026809851B29AD830006C43B /* ShipAddDetailViewController.swift */,
				02C974711B46E1EE0019A046 /* PersonalTableViewController.swift */,
				0295F2071B4C83ED0029F911 /* NetworkTableViewController.swift */,
				02F8188C1B0ACFB1008C06EA /* KeptListTableViewController.swift */,
				020B3F241B1FD36C00B0AD6E /* NetworkKeptProductTableViewController.swift */,
				02F818861B0A9D68008C06EA /* MapViewController.swift */,
				02D5C51C1B0FC33E00B172AF /* ChatViewController.swift */,
				02C9746F1B45EA8F0019A046 /* ProductDetailViewController.swift */,
			);
			name = ViewControllers;
			sourceTree = "<group>";
		};
		02D9CA431AF838330087175F = {
			isa = PBXGroup;
			children = (
				02D9CA4E1AF838330087175F /* Emelem */,
				02D9CA671AF838330087175F /* EmelemTests */,
				02D9CA4D1AF838330087175F /* Products */,
				4890CC91FAE5BD8BCCD2020F /* Pods */,
				B86CDDEB08098D3B4C8C27BA /* Frameworks */,
			);
			sourceTree = "<group>";
		};
		02D9CA4D1AF838330087175F /* Products */ = {
			isa = PBXGroup;
			children = (
				02D9CA4C1AF838330087175F /* Emelem.app */,
				02D9CA641AF838330087175F /* EmelemTests.xctest */,
			);
			name = Products;
			sourceTree = "<group>";
		};
		02D9CA4E1AF838330087175F /* Emelem */ = {
			isa = PBXGroup;
			children = (
				02D9CA511AF838330087175F /* AppDelegate.swift */,
				02F8187F1AFD77F7008C06EA /* Data */,
				02D9CA741AF839820087175F /* Views */,
				028CF7171AF84FE40028DA35 /* ViewControllers */,
				02D9CA581AF838330087175F /* Main.storyboard */,
				02D9CA5B1AF838330087175F /* Images.xcassets */,
				02D9CA5D1AF838330087175F /* LaunchScreen.xib */,
				02D9CA531AF838330087175F /* Emelem.xcdatamodeld */,
				02E734621AFC245B001B5474 /* Frameworks */,
				02D9CA4F1AF838330087175F /* Supporting Files */,
			);
			path = Emelem;
			sourceTree = "<group>";
		};
		02D9CA4F1AF838330087175F /* Supporting Files */ = {
			isa = PBXGroup;
			children = (
				02D9CA501AF838330087175F /* Info.plist */,
				02E7347D1AFC25DB001B5474 /* Bridging-Header.h */,
			);
			name = "Supporting Files";
			sourceTree = "<group>";
		};
		02D9CA671AF838330087175F /* EmelemTests */ = {
			isa = PBXGroup;
			children = (
				02D9CA6A1AF838330087175F /* EmelemTests.swift */,
				02D9CA681AF838330087175F /* Supporting Files */,
			);
			path = EmelemTests;
			sourceTree = "<group>";
		};
		02D9CA681AF838330087175F /* Supporting Files */ = {
			isa = PBXGroup;
			children = (
				02D9CA691AF838330087175F /* Info.plist */,
			);
			name = "Supporting Files";
			sourceTree = "<group>";
		};
		02D9CA741AF839820087175F /* Views */ = {
			isa = PBXGroup;
			children = (
				02D9CA751AF839AD0087175F /* CardView.swift */,
				028CF7151AF84D150028DA35 /* SwipeView.swift */,
				02C974731B46E27F0019A046 /* EditPersonalCell.swift */,
				02C974751B46E8510019A046 /* PeripheralsCell.swift */,
				02F8188E1B0ADB4F008C06EA /* ProductCell.swift */,
				02C9746D1B3F5FA20019A046 /* ProductCell2.swift */,
				02C974771B46EF6E0019A046 /* ProductCell3.swift */,
				0295F2091B4C84F10029F911 /* ProductCell4.swift */,
				0295F20B1B4C8F370029F911 /* BroadcastCell.swift */,
				0295F20D1B4C91BF0029F911 /* SearchCell.swift */,
				020B3F261B1FD4B200B0AD6E /* NetworkCell.swift */,
				026809831B2924ED0006C43B /* ShippingCell.swift */,
				0295F20F1B4CBFBB0029F911 /* CheckoutCell.swift */,
			);
			name = Views;
			sourceTree = "<group>";
		};
		02E734621AFC245B001B5474 /* Frameworks */ = {
			isa = PBXGroup;
			children = (
				027B6CE91B14079C00110516 /* libc++.dylib */,
				027B6CE71B14077D00110516 /* libicucore.dylib */,
				02E7347B1AFC2567001B5474 /* libsqlite3.dylib */,
				02E734791AFC2554001B5474 /* libz.dylib */,
				02F818881B0A9E99008C06EA /* MapKit.framework */,
				02E734771AFC2547001B5474 /* SystemConfiguration.framework */,
				02E734751AFC2540001B5474 /* StoreKit.framework */,
				02E734731AFC2538001B5474 /* Security.framework */,
				02E734711AFC2532001B5474 /* QuartzCore.framework */,
				02E7346F1AFC252A001B5474 /* MobileCoreServices.framework */,
				02E7346D1AFC2522001B5474 /* CoreLocation.framework */,
				02E7346B1AFC251A001B5474 /* CoreGraphics.framework */,
				02E734691AFC2513001B5474 /* CFNetwork.framework */,
				02E734671AFC24E8001B5474 /* AudioToolbox.framework */,
				02E734631AFC248B001B5474 /* ParseFacebookUtils.framework */,
				02E734641AFC248B001B5474 /* Parse.framework */,
			);
			name = Frameworks;
			sourceTree = "<group>";
		};
		02F8187F1AFD77F7008C06EA /* Data */ = {
			isa = PBXGroup;
			children = (
				02F818801AFD7814008C06EA /* User.swift */,
				0235EC311B0D7B34002B8A0C /* Kept.swift */,
				02F8188A1B0AAACE008C06EA /* Location.swift */,
				027B6CEB1B1407ED00110516 /* Message.swift */,
				02F818841B054941008C06EA /* Product.swift */,
				0220BB4E1B225B2800393BBC /* NetworkKept.swift */,
				0253C7C61B38DA550014EB95 /* Address.swift */,
			);
			name = Data;
			sourceTree = "<group>";
		};
		4890CC91FAE5BD8BCCD2020F /* Pods */ = {
			isa = PBXGroup;
			children = (
				87D76C3E7B0BC99C40824AE7 /* Pods.debug.xcconfig */,
				E1E5DD5FEA60386906579034 /* Pods.release.xcconfig */,
			);
			name = Pods;
			sourceTree = "<group>";
		};
		B86CDDEB08098D3B4C8C27BA /* Frameworks */ = {
			isa = PBXGroup;
			children = (
				6A7E9C89E28EAEAD11D3402C /* libPods.a */,
			);
			name = Frameworks;
			sourceTree = "<group>";
		};
/* End PBXGroup section */

/* Begin PBXNativeTarget section */
		02D9CA4B1AF838330087175F /* Emelem */ = {
			isa = PBXNativeTarget;
			buildConfigurationList = 02D9CA6E1AF838330087175F /* Build configuration list for PBXNativeTarget "Emelem" */;
			buildPhases = (
				D7C851DC39A050E1A24CA040 /* Check Pods Manifest.lock */,
				02D9CA481AF838330087175F /* Sources */,
				02D9CA491AF838330087175F /* Frameworks */,
				02D9CA4A1AF838330087175F /* Resources */,
				4B2D9F8C32EEBA440914482D /* Copy Pods Resources */,
			);
			buildRules = (
			);
			dependencies = (
			);
			name = Emelem;
			productName = Emelem;
			productReference = 02D9CA4C1AF838330087175F /* Emelem.app */;
			productType = "com.apple.product-type.application";
		};
		02D9CA631AF838330087175F /* EmelemTests */ = {
			isa = PBXNativeTarget;
			buildConfigurationList = 02D9CA711AF838330087175F /* Build configuration list for PBXNativeTarget "EmelemTests" */;
			buildPhases = (
				02D9CA601AF838330087175F /* Sources */,
				02D9CA611AF838330087175F /* Frameworks */,
				02D9CA621AF838330087175F /* Resources */,
			);
			buildRules = (
			);
			dependencies = (
				02D9CA661AF838330087175F /* PBXTargetDependency */,
			);
			name = EmelemTests;
			productName = EmelemTests;
			productReference = 02D9CA641AF838330087175F /* EmelemTests.xctest */;
			productType = "com.apple.product-type.bundle.unit-test";
		};
/* End PBXNativeTarget section */

/* Begin PBXProject section */
		02D9CA441AF838330087175F /* Project object */ = {
			isa = PBXProject;
			attributes = {
				LastUpgradeCheck = 0630;
				ORGANIZATIONNAME = "Jared Mermey";
				TargetAttributes = {
					02D9CA4B1AF838330087175F = {
						CreatedOnToolsVersion = 6.3.1;
					};
					02D9CA631AF838330087175F = {
						CreatedOnToolsVersion = 6.3.1;
						TestTargetID = 02D9CA4B1AF838330087175F;
					};
				};
			};
			buildConfigurationList = 02D9CA471AF838330087175F /* Build configuration list for PBXProject "Emelem" */;
			compatibilityVersion = "Xcode 3.2";
			developmentRegion = English;
			hasScannedForEncodings = 0;
			knownRegions = (
				en,
				Base,
			);
			mainGroup = 02D9CA431AF838330087175F;
			productRefGroup = 02D9CA4D1AF838330087175F /* Products */;
			projectDirPath = "";
			projectRoot = "";
			targets = (
				02D9CA4B1AF838330087175F /* Emelem */,
				02D9CA631AF838330087175F /* EmelemTests */,
			);
		};
/* End PBXProject section */

/* Begin PBXResourcesBuildPhase section */
		02D9CA4A1AF838330087175F /* Resources */ = {
			isa = PBXResourcesBuildPhase;
			buildActionMask = 2147483647;
			files = (
				02D9CA5A1AF838330087175F /* Main.storyboard in Resources */,
				02D9CA5F1AF838330087175F /* LaunchScreen.xib in Resources */,
				02D9CA5C1AF838330087175F /* Images.xcassets in Resources */,
			);
			runOnlyForDeploymentPostprocessing = 0;
		};
		02D9CA621AF838330087175F /* Resources */ = {
			isa = PBXResourcesBuildPhase;
			buildActionMask = 2147483647;
			files = (
			);
			runOnlyForDeploymentPostprocessing = 0;
		};
/* End PBXResourcesBuildPhase section */

/* Begin PBXShellScriptBuildPhase section */
		4B2D9F8C32EEBA440914482D /* Copy Pods Resources */ = {
			isa = PBXShellScriptBuildPhase;
			buildActionMask = 2147483647;
			files = (
			);
			inputPaths = (
			);
			name = "Copy Pods Resources";
			outputPaths = (
			);
			runOnlyForDeploymentPostprocessing = 0;
			shellPath = /bin/sh;
			shellScript = "\"${SRCROOT}/Pods/Target Support Files/Pods/Pods-resources.sh\"\n";
			showEnvVarsInLog = 0;
		};
		D7C851DC39A050E1A24CA040 /* Check Pods Manifest.lock */ = {
			isa = PBXShellScriptBuildPhase;
			buildActionMask = 2147483647;
			files = (
			);
			inputPaths = (
			);
			name = "Check Pods Manifest.lock";
			outputPaths = (
			);
			runOnlyForDeploymentPostprocessing = 0;
			shellPath = /bin/sh;
			shellScript = "diff \"${PODS_ROOT}/../Podfile.lock\" \"${PODS_ROOT}/Manifest.lock\" > /dev/null\nif [[ $? != 0 ]] ; then\n    cat << EOM\nerror: The sandbox is not in sync with the Podfile.lock. Run 'pod install' or update your CocoaPods installation.\nEOM\n    exit 1\nfi\n";
			showEnvVarsInLog = 0;
		};
/* End PBXShellScriptBuildPhase section */

/* Begin PBXSourcesBuildPhase section */
		02D9CA481AF838330087175F /* Sources */ = {
			isa = PBXSourcesBuildPhase;
			buildActionMask = 2147483647;
			files = (
				020B3F251B1FD36C00B0AD6E /* NetworkKeptProductTableViewController.swift in Sources */,
				02F818871B0A9D68008C06EA /* MapViewController.swift in Sources */,
				0295F20A1B4C84F10029F911 /* ProductCell4.swift in Sources */,
				02759C9E1AFC3D7B0065A492 /* LoginViewController.swift in Sources */,
				02D5C51D1B0FC33E00B172AF /* ChatViewController.swift in Sources */,
				027B6CEC1B1407ED00110516 /* Message.swift in Sources */,
				02D9CA571AF838330087175F /* ViewController.swift in Sources */,
				020B3F271B1FD4B200B0AD6E /* NetworkCell.swift in Sources */,
				02C974761B46E8510019A046 /* PeripheralsCell.swift in Sources */,
				02D9CA551AF838330087175F /* Emelem.xcdatamodeld in Sources */,
				0235EC321B0D7B34002B8A0C /* Kept.swift in Sources */,
				0253C7C71B38DA550014EB95 /* Address.swift in Sources */,
				02C974781B46EF6E0019A046 /* ProductCell3.swift in Sources */,
				02C974721B46E1EE0019A046 /* PersonalTableViewController.swift in Sources */,
				026809861B29AD830006C43B /* ShipAddDetailViewController.swift in Sources */,
				0295F20E1B4C91BF0029F911 /* SearchCell.swift in Sources */,
				026809841B2924ED0006C43B /* ShippingCell.swift in Sources */,
				028CF7191AF8508A0028DA35 /* CardsViewController.swift in Sources */,
				02F8188F1B0ADB4F008C06EA /* ProductCell.swift in Sources */,
				02F818811AFD7814008C06EA /* User.swift in Sources */,
				02D9CA761AF839AD0087175F /* CardView.swift in Sources */,
				02F8188D1B0ACFB1008C06EA /* KeptListTableViewController.swift in Sources */,
				02C974701B45EA8F0019A046 /* ProductDetailViewController.swift in Sources */,
				0220BB4F1B225B2900393BBC /* NetworkKept.swift in Sources */,
				02F818831AFD81D9008C06EA /* ProfileViewController.swift in Sources */,
				0295F20C1B4C8F370029F911 /* BroadcastCell.swift in Sources */,
				02F818851B054941008C06EA /* Product.swift in Sources */,
				026809821B2924D10006C43B /* ShippingTableViewController.swift in Sources */,
				02C9746E1B3F5FA20019A046 /* ProductCell2.swift in Sources */,
				028CF7161AF84D150028DA35 /* SwipeView.swift in Sources */,
				02F8188B1B0AAACE008C06EA /* Location.swift in Sources */,
				0295F2101B4CBFBB0029F911 /* CheckoutCell.swift in Sources */,
				02D9CA521AF838330087175F /* AppDelegate.swift in Sources */,
				0295F2081B4C83ED0029F911 /* NetworkTableViewController.swift in Sources */,
				02C974741B46E27F0019A046 /* EditPersonalCell.swift in Sources */,
			);
			runOnlyForDeploymentPostprocessing = 0;
		};
		02D9CA601AF838330087175F /* Sources */ = {
			isa = PBXSourcesBuildPhase;
			buildActionMask = 2147483647;
			files = (
				02D9CA6B1AF838330087175F /* EmelemTests.swift in Sources */,
			);
			runOnlyForDeploymentPostprocessing = 0;
		};
/* End PBXSourcesBuildPhase section */

/* Begin PBXTargetDependency section */
		02D9CA661AF838330087175F /* PBXTargetDependency */ = {
			isa = PBXTargetDependency;
			target = 02D9CA4B1AF838330087175F /* Emelem */;
			targetProxy = 02D9CA651AF838330087175F /* PBXContainerItemProxy */;
		};
/* End PBXTargetDependency section */

/* Begin PBXVariantGroup section */
		02D9CA581AF838330087175F /* Main.storyboard */ = {
			isa = PBXVariantGroup;
			children = (
				02D9CA591AF838330087175F /* Base */,
			);
			name = Main.storyboard;
			sourceTree = "<group>";
		};
		02D9CA5D1AF838330087175F /* LaunchScreen.xib */ = {
			isa = PBXVariantGroup;
			children = (
				02D9CA5E1AF838330087175F /* Base */,
			);
			name = LaunchScreen.xib;
			sourceTree = "<group>";
		};
/* End PBXVariantGroup section */

/* Begin XCBuildConfiguration section */
		02D9CA6C1AF838330087175F /* Debug */ = {
			isa = XCBuildConfiguration;
			buildSettings = {
				ALWAYS_SEARCH_USER_PATHS = NO;
				CLANG_CXX_LANGUAGE_STANDARD = "gnu++0x";
				CLANG_CXX_LIBRARY = "libc++";
				CLANG_ENABLE_MODULES = YES;
				CLANG_ENABLE_OBJC_ARC = YES;
				CLANG_WARN_BOOL_CONVERSION = YES;
				CLANG_WARN_CONSTANT_CONVERSION = YES;
				CLANG_WARN_DIRECT_OBJC_ISA_USAGE = YES_ERROR;
				CLANG_WARN_EMPTY_BODY = YES;
				CLANG_WARN_ENUM_CONVERSION = YES;
				CLANG_WARN_INT_CONVERSION = YES;
				CLANG_WARN_OBJC_ROOT_CLASS = YES_ERROR;
				CLANG_WARN_UNREACHABLE_CODE = YES;
				CLANG_WARN__DUPLICATE_METHOD_MATCH = YES;
				"CODE_SIGN_IDENTITY[sdk=iphoneos*]" = "iPhone Developer";
				COPY_PHASE_STRIP = NO;
				DEBUG_INFORMATION_FORMAT = "dwarf-with-dsym";
				ENABLE_STRICT_OBJC_MSGSEND = YES;
				GCC_C_LANGUAGE_STANDARD = gnu99;
				GCC_DYNAMIC_NO_PIC = NO;
				GCC_NO_COMMON_BLOCKS = YES;
				GCC_OPTIMIZATION_LEVEL = 0;
				GCC_PREPROCESSOR_DEFINITIONS = (
					"DEBUG=1",
					"$(inherited)",
				);
				GCC_SYMBOLS_PRIVATE_EXTERN = NO;
				GCC_WARN_64_TO_32_BIT_CONVERSION = YES;
				GCC_WARN_ABOUT_RETURN_TYPE = YES_ERROR;
				GCC_WARN_UNDECLARED_SELECTOR = YES;
				GCC_WARN_UNINITIALIZED_AUTOS = YES_AGGRESSIVE;
				GCC_WARN_UNUSED_FUNCTION = YES;
				GCC_WARN_UNUSED_VARIABLE = YES;
				IPHONEOS_DEPLOYMENT_TARGET = 8.3;
				MTL_ENABLE_DEBUG_INFO = YES;
				ONLY_ACTIVE_ARCH = YES;
				SDKROOT = iphoneos;
				SWIFT_OPTIMIZATION_LEVEL = "-Onone";
				TARGETED_DEVICE_FAMILY = "1,2";
			};
			name = Debug;
		};
		02D9CA6D1AF838330087175F /* Release */ = {
			isa = XCBuildConfiguration;
			buildSettings = {
				ALWAYS_SEARCH_USER_PATHS = NO;
				CLANG_CXX_LANGUAGE_STANDARD = "gnu++0x";
				CLANG_CXX_LIBRARY = "libc++";
				CLANG_ENABLE_MODULES = YES;
				CLANG_ENABLE_OBJC_ARC = YES;
				CLANG_WARN_BOOL_CONVERSION = YES;
				CLANG_WARN_CONSTANT_CONVERSION = YES;
				CLANG_WARN_DIRECT_OBJC_ISA_USAGE = YES_ERROR;
				CLANG_WARN_EMPTY_BODY = YES;
				CLANG_WARN_ENUM_CONVERSION = YES;
				CLANG_WARN_INT_CONVERSION = YES;
				CLANG_WARN_OBJC_ROOT_CLASS = YES_ERROR;
				CLANG_WARN_UNREACHABLE_CODE = YES;
				CLANG_WARN__DUPLICATE_METHOD_MATCH = YES;
				"CODE_SIGN_IDENTITY[sdk=iphoneos*]" = "iPhone Developer";
				COPY_PHASE_STRIP = NO;
				DEBUG_INFORMATION_FORMAT = "dwarf-with-dsym";
				ENABLE_NS_ASSERTIONS = NO;
				ENABLE_STRICT_OBJC_MSGSEND = YES;
				GCC_C_LANGUAGE_STANDARD = gnu99;
				GCC_NO_COMMON_BLOCKS = YES;
				GCC_WARN_64_TO_32_BIT_CONVERSION = YES;
				GCC_WARN_ABOUT_RETURN_TYPE = YES_ERROR;
				GCC_WARN_UNDECLARED_SELECTOR = YES;
				GCC_WARN_UNINITIALIZED_AUTOS = YES_AGGRESSIVE;
				GCC_WARN_UNUSED_FUNCTION = YES;
				GCC_WARN_UNUSED_VARIABLE = YES;
				IPHONEOS_DEPLOYMENT_TARGET = 8.3;
				MTL_ENABLE_DEBUG_INFO = NO;
				SDKROOT = iphoneos;
				TARGETED_DEVICE_FAMILY = "1,2";
				VALIDATE_PRODUCT = YES;
			};
			name = Release;
		};
		02D9CA6F1AF838330087175F /* Debug */ = {
			isa = XCBuildConfiguration;
			baseConfigurationReference = 87D76C3E7B0BC99C40824AE7 /* Pods.debug.xcconfig */;
			buildSettings = {
				ASSETCATALOG_COMPILER_APPICON_NAME = AppIcon;
				FRAMEWORK_SEARCH_PATHS = (
					"$(inherited)",
					"$(PROJECT_DIR)/Emelem",
				);
				INFOPLIST_FILE = Emelem/Info.plist;
				LD_RUNPATH_SEARCH_PATHS = "$(inherited) @executable_path/Frameworks";
				PRODUCT_NAME = "$(TARGET_NAME)";
				SWIFT_OBJC_BRIDGING_HEADER = "Emelem/Bridging-Header.h";
			};
			name = Debug;
		};
		02D9CA701AF838330087175F /* Release */ = {
			isa = XCBuildConfiguration;
			baseConfigurationReference = E1E5DD5FEA60386906579034 /* Pods.release.xcconfig */;
			buildSettings = {
				ASSETCATALOG_COMPILER_APPICON_NAME = AppIcon;
				FRAMEWORK_SEARCH_PATHS = (
					"$(inherited)",
					"$(PROJECT_DIR)/Emelem",
				);
				INFOPLIST_FILE = Emelem/Info.plist;
				LD_RUNPATH_SEARCH_PATHS = "$(inherited) @executable_path/Frameworks";
				PRODUCT_NAME = "$(TARGET_NAME)";
				SWIFT_OBJC_BRIDGING_HEADER = "Emelem/Bridging-Header.h";
			};
			name = Release;
		};
		02D9CA721AF838330087175F /* Debug */ = {
			isa = XCBuildConfiguration;
			buildSettings = {
				BUNDLE_LOADER = "$(TEST_HOST)";
				FRAMEWORK_SEARCH_PATHS = (
					"$(SDKROOT)/Developer/Library/Frameworks",
					"$(inherited)",
				);
				GCC_PREPROCESSOR_DEFINITIONS = (
					"DEBUG=1",
					"$(inherited)",
				);
				INFOPLIST_FILE = EmelemTests/Info.plist;
				LD_RUNPATH_SEARCH_PATHS = "$(inherited) @executable_path/Frameworks @loader_path/Frameworks";
				PRODUCT_NAME = "$(TARGET_NAME)";
				TEST_HOST = "$(BUILT_PRODUCTS_DIR)/Emelem.app/Emelem";
			};
			name = Debug;
		};
		02D9CA731AF838330087175F /* Release */ = {
			isa = XCBuildConfiguration;
			buildSettings = {
				BUNDLE_LOADER = "$(TEST_HOST)";
				FRAMEWORK_SEARCH_PATHS = (
					"$(SDKROOT)/Developer/Library/Frameworks",
					"$(inherited)",
				);
				INFOPLIST_FILE = EmelemTests/Info.plist;
				LD_RUNPATH_SEARCH_PATHS = "$(inherited) @executable_path/Frameworks @loader_path/Frameworks";
				PRODUCT_NAME = "$(TARGET_NAME)";
				TEST_HOST = "$(BUILT_PRODUCTS_DIR)/Emelem.app/Emelem";
			};
			name = Release;
		};
/* End XCBuildConfiguration section */

/* Begin XCConfigurationList section */
		02D9CA471AF838330087175F /* Build configuration list for PBXProject "Emelem" */ = {
			isa = XCConfigurationList;
			buildConfigurations = (
				02D9CA6C1AF838330087175F /* Debug */,
				02D9CA6D1AF838330087175F /* Release */,
			);
			defaultConfigurationIsVisible = 0;
			defaultConfigurationName = Release;
		};
		02D9CA6E1AF838330087175F /* Build configuration list for PBXNativeTarget "Emelem" */ = {
			isa = XCConfigurationList;
			buildConfigurations = (
				02D9CA6F1AF838330087175F /* Debug */,
				02D9CA701AF838330087175F /* Release */,
			);
			defaultConfigurationIsVisible = 0;
			defaultConfigurationName = Release;
		};
		02D9CA711AF838330087175F /* Build configuration list for PBXNativeTarget "EmelemTests" */ = {
			isa = XCConfigurationList;
			buildConfigurations = (
				02D9CA721AF838330087175F /* Debug */,
				02D9CA731AF838330087175F /* Release */,
			);
			defaultConfigurationIsVisible = 0;
			defaultConfigurationName = Release;
		};
/* End XCConfigurationList section */

/* Begin XCVersionGroup section */
		02D9CA531AF838330087175F /* Emelem.xcdatamodeld */ = {
			isa = XCVersionGroup;
			children = (
				02D9CA541AF838330087175F /* Emelem.xcdatamodel */,
			);
			currentVersion = 02D9CA541AF838330087175F /* Emelem.xcdatamodel */;
			path = Emelem.xcdatamodeld;
			sourceTree = "<group>";
			versionGroupType = wrapper.xcdatamodel;
		};
/* End XCVersionGroup section */
	};
	rootObject = 02D9CA441AF838330087175F /* Project object */;
}
